// !$*UTF8*$!
{
	archiveVersion = 1;
	classes = {
	};
	objectVersion = 56;
	objects = {

/* Begin PBXBuildFile section */
		9F195E392A15966F00743CE6 /* WorkOrderRowView.swift in Sources */ = {isa = PBXBuildFile; fileRef = 9F195E382A15966F00743CE6 /* WorkOrderRowView.swift */; };
		9F1FCA5E2AAA9AC000E5D4B6 /* AddSquawkView.swift in Sources */ = {isa = PBXBuildFile; fileRef = 9F1FCA5D2AAA9AC000E5D4B6 /* AddSquawkView.swift */; };
		9F380CE42AA001DB004CBFDB /* AuthManager.swift in Sources */ = {isa = PBXBuildFile; fileRef = 9F380CE32AA001DB004CBFDB /* AuthManager.swift */; };
		9F380CE72AA027E9004CBFDB /* Utilities.swift in Sources */ = {isa = PBXBuildFile; fileRef = 9F380CE62AA027E9004CBFDB /* Utilities.swift */; };
		9F5DB4122A0FC45E00511140 /* LoginView.swift in Sources */ = {isa = PBXBuildFile; fileRef = 9F5DB4112A0FC45E00511140 /* LoginView.swift */; };
		9F5DB4142A0FC48700511140 /* LoginViewVM.swift in Sources */ = {isa = PBXBuildFile; fileRef = 9F5DB4132A0FC48700511140 /* LoginViewVM.swift */; };
		9F5DB4162A0FC4C700511140 /* HeaderView.swift in Sources */ = {isa = PBXBuildFile; fileRef = 9F5DB4152A0FC4C700511140 /* HeaderView.swift */; };
		9F5DB4182A10281D00511140 /* RegisterView.swift in Sources */ = {isa = PBXBuildFile; fileRef = 9F5DB4172A10281D00511140 /* RegisterView.swift */; };
		9F5DB41B2A10286A00511140 /* RegisterViewVM.swift in Sources */ = {isa = PBXBuildFile; fileRef = 9F5DB41A2A10286A00511140 /* RegisterViewVM.swift */; };
		9F5DB41D2A1028AD00511140 /* AirMXButton.swift in Sources */ = {isa = PBXBuildFile; fileRef = 9F5DB41C2A1028AD00511140 /* AirMXButton.swift */; };
		9F5DB41F2A10293300511140 /* User.swift in Sources */ = {isa = PBXBuildFile; fileRef = 9F5DB41E2A10293200511140 /* User.swift */; };
		9F5DB4252A110CE700511140 /* MainView.swift in Sources */ = {isa = PBXBuildFile; fileRef = 9F5DB4242A110CE700511140 /* MainView.swift */; };
		9F5DB4282A110D1300511140 /* MainViewVM.swift in Sources */ = {isa = PBXBuildFile; fileRef = 9F5DB4272A110D1300511140 /* MainViewVM.swift */; };
		9F5DB42A2A110DD500511140 /* WorkOrderListView.swift in Sources */ = {isa = PBXBuildFile; fileRef = 9F5DB4292A110DD500511140 /* WorkOrderListView.swift */; };
		9F5DB42C2A110DE100511140 /* ProfileView.swift in Sources */ = {isa = PBXBuildFile; fileRef = 9F5DB42B2A110DE100511140 /* ProfileView.swift */; };
		9F5DB42E2A110E3300511140 /* WorkOrderListViewVM.swift in Sources */ = {isa = PBXBuildFile; fileRef = 9F5DB42D2A110E3300511140 /* WorkOrderListViewVM.swift */; };
		9F63734929AD8EA3009C37BD /* Part.swift in Sources */ = {isa = PBXBuildFile; fileRef = 9F63734829AD8EA3009C37BD /* Part.swift */; };
		9F68A98C2AA55F98002FEA81 /* SquawkView.swift in Sources */ = {isa = PBXBuildFile; fileRef = 9F68A98B2AA55F98002FEA81 /* SquawkView.swift */; };
		9F68A98E2AA5641F002FEA81 /* SquawkRowView.swift in Sources */ = {isa = PBXBuildFile; fileRef = 9F68A98D2AA5641F002FEA81 /* SquawkRowView.swift */; };
		9F68A9902AA5FC67002FEA81 /* SquawkModel.swift in Sources */ = {isa = PBXBuildFile; fileRef = 9F68A98F2AA5FC67002FEA81 /* SquawkModel.swift */; };
		9F71C1472A145B5C005EC729 /* ProfileViewVM.swift in Sources */ = {isa = PBXBuildFile; fileRef = 9F71C1462A145B5C005EC729 /* ProfileViewVM.swift */; };
		9F71C14D2A146471005EC729 /* AddWorkOrderViewVM.swift in Sources */ = {isa = PBXBuildFile; fileRef = 9F71C14C2A146471005EC729 /* AddWorkOrderViewVM.swift */; };
		9F77870429AA45F200F061AF /* WorkOrderDetailView.swift in Sources */ = {isa = PBXBuildFile; fileRef = 9F77870329AA45F200F061AF /* WorkOrderDetailView.swift */; };
		9F77870729AA52CF00F061AF /* Helper.swift in Sources */ = {isa = PBXBuildFile; fileRef = 9F77870629AA52CF00F061AF /* Helper.swift */; };
		9F8E5D802A032EF3004C65A1 /* FirebaseAuth in Frameworks */ = {isa = PBXBuildFile; productRef = 9F8E5D7F2A032EF3004C65A1 /* FirebaseAuth */; };
		9F8E5D822A032EF3004C65A1 /* FirebaseFirestore in Frameworks */ = {isa = PBXBuildFile; productRef = 9F8E5D812A032EF3004C65A1 /* FirebaseFirestore */; };
		9F8E5D842A032EF3004C65A1 /* FirebaseFirestoreSwift in Frameworks */ = {isa = PBXBuildFile; productRef = 9F8E5D832A032EF3004C65A1 /* FirebaseFirestoreSwift */; };
		9F8E5D862A032FBA004C65A1 /* GoogleService-Info.plist in Resources */ = {isa = PBXBuildFile; fileRef = 9F8E5D852A032FBA004C65A1 /* GoogleService-Info.plist */; };
		9F8E5D882A03333E004C65A1 /* AircraftWorkOrder.swift in Sources */ = {isa = PBXBuildFile; fileRef = 9F8E5D872A03333E004C65A1 /* AircraftWorkOrder.swift */; };
		9F97E56029AA7B8D00A1808D /* EmptyListView.swift in Sources */ = {isa = PBXBuildFile; fileRef = 9F97E55F29AA7B8D00A1808D /* EmptyListView.swift */; };
		9F97E56229AA9CCA00A1808D /* AddPartsView.swift in Sources */ = {isa = PBXBuildFile; fileRef = 9F97E56129AA9CCA00A1808D /* AddPartsView.swift */; };
		9FC224252A9BFAE600FA8EEA /* WorkOrderDetailVM.swift in Sources */ = {isa = PBXBuildFile; fileRef = 9FC224242A9BFAE600FA8EEA /* WorkOrderDetailVM.swift */; };
		9FC224282A9D6D9600FA8EEA /* GoogleSignIn in Frameworks */ = {isa = PBXBuildFile; productRef = 9FC224272A9D6D9600FA8EEA /* GoogleSignIn */; };
		9FC2242A2A9D6D9600FA8EEA /* GoogleSignInSwift in Frameworks */ = {isa = PBXBuildFile; productRef = 9FC224292A9D6D9600FA8EEA /* GoogleSignInSwift */; };
		9FD62B9C2AA0314500849157 /* GoogleSignInResultModel.swift in Sources */ = {isa = PBXBuildFile; fileRef = 9FD62B9B2AA0314500849157 /* GoogleSignInResultModel.swift */; };
		9FD62B9E2AA03A7A00849157 /* SignInWithGoogleHelper.swift in Sources */ = {isa = PBXBuildFile; fileRef = 9FD62B9D2AA03A7A00849157 /* SignInWithGoogleHelper.swift */; };
		9FE84F7929A9779200462595 /* AirMXApp.swift in Sources */ = {isa = PBXBuildFile; fileRef = 9FE84F7829A9779200462595 /* AirMXApp.swift */; };
		9FE84F7B29A9779200462595 /* AddWorkOrderView.swift in Sources */ = {isa = PBXBuildFile; fileRef = 9FE84F7A29A9779200462595 /* AddWorkOrderView.swift */; };
		9FE84F7D29A9779300462595 /* Assets.xcassets in Resources */ = {isa = PBXBuildFile; fileRef = 9FE84F7C29A9779300462595 /* Assets.xcassets */; };
		9FE84F8029A9779300462595 /* Preview Assets.xcassets in Resources */ = {isa = PBXBuildFile; fileRef = 9FE84F7F29A9779300462595 /* Preview Assets.xcassets */; };
		9FEA5B692AAE948E0024F8B7 /* SquawkModelStore.swift in Sources */ = {isa = PBXBuildFile; fileRef = 9FEA5B682AAE948E0024F8B7 /* SquawkModelStore.swift */; };
		9FFB6B322AACB7520046AAD3 /* SquawkViewVM.swift in Sources */ = {isa = PBXBuildFile; fileRef = 9FFB6B312AACB7520046AAD3 /* SquawkViewVM.swift */; };
/* End PBXBuildFile section */

/* Begin PBXFileReference section */
		9F195E382A15966F00743CE6 /* WorkOrderRowView.swift */ = {isa = PBXFileReference; lastKnownFileType = sourcecode.swift; path = WorkOrderRowView.swift; sourceTree = "<group>"; };
		9F1FCA5D2AAA9AC000E5D4B6 /* AddSquawkView.swift */ = {isa = PBXFileReference; lastKnownFileType = sourcecode.swift; path = AddSquawkView.swift; sourceTree = "<group>"; };
		9F380CE32AA001DB004CBFDB /* AuthManager.swift */ = {isa = PBXFileReference; lastKnownFileType = sourcecode.swift; path = AuthManager.swift; sourceTree = "<group>"; };
		9F380CE62AA027E9004CBFDB /* Utilities.swift */ = {isa = PBXFileReference; lastKnownFileType = sourcecode.swift; path = Utilities.swift; sourceTree = "<group>"; };
		9F5DB4112A0FC45E00511140 /* LoginView.swift */ = {isa = PBXFileReference; lastKnownFileType = sourcecode.swift; path = LoginView.swift; sourceTree = "<group>"; };
		9F5DB4132A0FC48700511140 /* LoginViewVM.swift */ = {isa = PBXFileReference; lastKnownFileType = sourcecode.swift; path = LoginViewVM.swift; sourceTree = "<group>"; };
		9F5DB4152A0FC4C700511140 /* HeaderView.swift */ = {isa = PBXFileReference; lastKnownFileType = sourcecode.swift; path = HeaderView.swift; sourceTree = "<group>"; };
		9F5DB4172A10281D00511140 /* RegisterView.swift */ = {isa = PBXFileReference; lastKnownFileType = sourcecode.swift; path = RegisterView.swift; sourceTree = "<group>"; };
		9F5DB41A2A10286A00511140 /* RegisterViewVM.swift */ = {isa = PBXFileReference; lastKnownFileType = sourcecode.swift; path = RegisterViewVM.swift; sourceTree = "<group>"; };
		9F5DB41C2A1028AD00511140 /* AirMXButton.swift */ = {isa = PBXFileReference; lastKnownFileType = sourcecode.swift; path = AirMXButton.swift; sourceTree = "<group>"; };
		9F5DB41E2A10293200511140 /* User.swift */ = {isa = PBXFileReference; lastKnownFileType = sourcecode.swift; path = User.swift; sourceTree = "<group>"; };
		9F5DB4242A110CE700511140 /* MainView.swift */ = {isa = PBXFileReference; lastKnownFileType = sourcecode.swift; path = MainView.swift; sourceTree = "<group>"; };
		9F5DB4272A110D1300511140 /* MainViewVM.swift */ = {isa = PBXFileReference; lastKnownFileType = sourcecode.swift; path = MainViewVM.swift; sourceTree = "<group>"; };
		9F5DB4292A110DD500511140 /* WorkOrderListView.swift */ = {isa = PBXFileReference; lastKnownFileType = sourcecode.swift; path = WorkOrderListView.swift; sourceTree = "<group>"; };
		9F5DB42B2A110DE100511140 /* ProfileView.swift */ = {isa = PBXFileReference; lastKnownFileType = sourcecode.swift; path = ProfileView.swift; sourceTree = "<group>"; };
		9F5DB42D2A110E3300511140 /* WorkOrderListViewVM.swift */ = {isa = PBXFileReference; lastKnownFileType = sourcecode.swift; path = WorkOrderListViewVM.swift; sourceTree = "<group>"; };
		9F63734829AD8EA3009C37BD /* Part.swift */ = {isa = PBXFileReference; lastKnownFileType = sourcecode.swift; path = Part.swift; sourceTree = "<group>"; };
		9F68A98B2AA55F98002FEA81 /* SquawkView.swift */ = {isa = PBXFileReference; lastKnownFileType = sourcecode.swift; path = SquawkView.swift; sourceTree = "<group>"; };
		9F68A98D2AA5641F002FEA81 /* SquawkRowView.swift */ = {isa = PBXFileReference; lastKnownFileType = sourcecode.swift; path = SquawkRowView.swift; sourceTree = "<group>"; };
		9F68A98F2AA5FC67002FEA81 /* SquawkModel.swift */ = {isa = PBXFileReference; lastKnownFileType = sourcecode.swift; path = SquawkModel.swift; sourceTree = "<group>"; };
		9F71C1462A145B5C005EC729 /* ProfileViewVM.swift */ = {isa = PBXFileReference; lastKnownFileType = sourcecode.swift; path = ProfileViewVM.swift; sourceTree = "<group>"; };
		9F71C14C2A146471005EC729 /* AddWorkOrderViewVM.swift */ = {isa = PBXFileReference; lastKnownFileType = sourcecode.swift; path = AddWorkOrderViewVM.swift; sourceTree = "<group>"; };
		9F77870329AA45F200F061AF /* WorkOrderDetailView.swift */ = {isa = PBXFileReference; lastKnownFileType = sourcecode.swift; path = WorkOrderDetailView.swift; sourceTree = "<group>"; };
		9F77870629AA52CF00F061AF /* Helper.swift */ = {isa = PBXFileReference; lastKnownFileType = sourcecode.swift; path = Helper.swift; sourceTree = "<group>"; };
		9F8E5D852A032FBA004C65A1 /* GoogleService-Info.plist */ = {isa = PBXFileReference; fileEncoding = 4; lastKnownFileType = text.plist.xml; path = "GoogleService-Info.plist"; sourceTree = "<group>"; };
		9F8E5D872A03333E004C65A1 /* AircraftWorkOrder.swift */ = {isa = PBXFileReference; lastKnownFileType = sourcecode.swift; path = AircraftWorkOrder.swift; sourceTree = "<group>"; };
		9F97E55F29AA7B8D00A1808D /* EmptyListView.swift */ = {isa = PBXFileReference; lastKnownFileType = sourcecode.swift; path = EmptyListView.swift; sourceTree = "<group>"; };
		9F97E56129AA9CCA00A1808D /* AddPartsView.swift */ = {isa = PBXFileReference; lastKnownFileType = sourcecode.swift; path = AddPartsView.swift; sourceTree = "<group>"; };
		9FC224242A9BFAE600FA8EEA /* WorkOrderDetailVM.swift */ = {isa = PBXFileReference; lastKnownFileType = sourcecode.swift; path = WorkOrderDetailVM.swift; sourceTree = "<group>"; };
		9FC9B95B29CC69BE004794C4 /* Info.plist */ = {isa = PBXFileReference; lastKnownFileType = text.plist; path = Info.plist; sourceTree = "<group>"; };
		9FD62B9B2AA0314500849157 /* GoogleSignInResultModel.swift */ = {isa = PBXFileReference; lastKnownFileType = sourcecode.swift; path = GoogleSignInResultModel.swift; sourceTree = "<group>"; };
		9FD62B9D2AA03A7A00849157 /* SignInWithGoogleHelper.swift */ = {isa = PBXFileReference; lastKnownFileType = sourcecode.swift; path = SignInWithGoogleHelper.swift; sourceTree = "<group>"; };
		9FE84F7529A9779200462595 /* AirMX.app */ = {isa = PBXFileReference; explicitFileType = wrapper.application; includeInIndex = 0; path = AirMX.app; sourceTree = BUILT_PRODUCTS_DIR; };
		9FE84F7829A9779200462595 /* AirMXApp.swift */ = {isa = PBXFileReference; lastKnownFileType = sourcecode.swift; path = AirMXApp.swift; sourceTree = "<group>"; };
		9FE84F7A29A9779200462595 /* AddWorkOrderView.swift */ = {isa = PBXFileReference; lastKnownFileType = sourcecode.swift; path = AddWorkOrderView.swift; sourceTree = "<group>"; };
		9FE84F7C29A9779300462595 /* Assets.xcassets */ = {isa = PBXFileReference; lastKnownFileType = folder.assetcatalog; path = Assets.xcassets; sourceTree = "<group>"; };
		9FE84F7F29A9779300462595 /* Preview Assets.xcassets */ = {isa = PBXFileReference; lastKnownFileType = folder.assetcatalog; path = "Preview Assets.xcassets"; sourceTree = "<group>"; };
		9FEA5B682AAE948E0024F8B7 /* SquawkModelStore.swift */ = {isa = PBXFileReference; lastKnownFileType = sourcecode.swift; path = SquawkModelStore.swift; sourceTree = "<group>"; };
		9FFB6B312AACB7520046AAD3 /* SquawkViewVM.swift */ = {isa = PBXFileReference; lastKnownFileType = sourcecode.swift; path = SquawkViewVM.swift; sourceTree = "<group>"; };
/* End PBXFileReference section */

/* Begin PBXFrameworksBuildPhase section */
		9FE84F7229A9779200462595 /* Frameworks */ = {
			isa = PBXFrameworksBuildPhase;
			buildActionMask = 2147483647;
			files = (
				9FC2242A2A9D6D9600FA8EEA /* GoogleSignInSwift in Frameworks */,
				9F8E5D802A032EF3004C65A1 /* FirebaseAuth in Frameworks */,
				9FC224282A9D6D9600FA8EEA /* GoogleSignIn in Frameworks */,
				9F8E5D822A032EF3004C65A1 /* FirebaseFirestore in Frameworks */,
				9F8E5D842A032EF3004C65A1 /* FirebaseFirestoreSwift in Frameworks */,
			);
			runOnlyForDeploymentPostprocessing = 0;
		};
/* End PBXFrameworksBuildPhase section */

/* Begin PBXGroup section */
		9F380CE52AA027BC004CBFDB /* Utilities */ = {
			isa = PBXGroup;
			children = (
				9F380CE32AA001DB004CBFDB /* AuthManager.swift */,
				9F380CE62AA027E9004CBFDB /* Utilities.swift */,
				9FD62B9B2AA0314500849157 /* GoogleSignInResultModel.swift */,
				9FD62B9D2AA03A7A00849157 /* SignInWithGoogleHelper.swift */,
			);
			path = Utilities;
			sourceTree = "<group>";
		};
		9F5DB4102A0FC44E00511140 /* Login View */ = {
			isa = PBXGroup;
			children = (
				9F5DB4152A0FC4C700511140 /* HeaderView.swift */,
				9F5DB4112A0FC45E00511140 /* LoginView.swift */,
				9F5DB4132A0FC48700511140 /* LoginViewVM.swift */,
			);
			path = "Login View";
			sourceTree = "<group>";
		};
		9F5DB4192A10285600511140 /* RegisterView */ = {
			isa = PBXGroup;
			children = (
				9F5DB4172A10281D00511140 /* RegisterView.swift */,
				9F5DB41A2A10286A00511140 /* RegisterViewVM.swift */,
			);
			path = RegisterView;
			sourceTree = "<group>";
		};
		9F5DB4202A10296C00511140 /* PartsView */ = {
			isa = PBXGroup;
			children = (
				9F97E56129AA9CCA00A1808D /* AddPartsView.swift */,
			);
			path = PartsView;
			sourceTree = "<group>";
		};
		9F5DB4212A10297F00511140 /* Custom Button */ = {
			isa = PBXGroup;
			children = (
				9F5DB41C2A1028AD00511140 /* AirMXButton.swift */,
			);
			path = "Custom Button";
			sourceTree = "<group>";
		};
		9F5DB4262A110D0100511140 /* MainView */ = {
			isa = PBXGroup;
			children = (
				9F5DB4242A110CE700511140 /* MainView.swift */,
				9F5DB4272A110D1300511140 /* MainViewVM.swift */,
				9F97E55F29AA7B8D00A1808D /* EmptyListView.swift */,
			);
			path = MainView;
			sourceTree = "<group>";
		};
		9F63734729AD8E96009C37BD /* Model */ = {
			isa = PBXGroup;
			children = (
				9F63734829AD8EA3009C37BD /* Part.swift */,
				9F8E5D872A03333E004C65A1 /* AircraftWorkOrder.swift */,
				9F5DB41E2A10293200511140 /* User.swift */,
				9F68A98F2AA5FC67002FEA81 /* SquawkModel.swift */,
				9FEA5B682AAE948E0024F8B7 /* SquawkModelStore.swift */,
			);
			path = Model;
			sourceTree = "<group>";
		};
		9F68A98A2AA55F63002FEA81 /* SquawkView */ = {
			isa = PBXGroup;
			children = (
				9F68A98B2AA55F98002FEA81 /* SquawkView.swift */,
				9FFB6B312AACB7520046AAD3 /* SquawkViewVM.swift */,
				9F68A98D2AA5641F002FEA81 /* SquawkRowView.swift */,
				9F1FCA5D2AAA9AC000E5D4B6 /* AddSquawkView.swift */,
			);
			path = SquawkView;
			sourceTree = "<group>";
		};
		9F71C1482A145C60005EC729 /* ProfileView */ = {
			isa = PBXGroup;
			children = (
				9F71C1462A145B5C005EC729 /* ProfileViewVM.swift */,
				9F5DB42B2A110DE100511140 /* ProfileView.swift */,
			);
			path = ProfileView;
			sourceTree = "<group>";
		};
		9F71C1492A146068005EC729 /* WorkOrderListView */ = {
			isa = PBXGroup;
			children = (
				9F195E382A15966F00743CE6 /* WorkOrderRowView.swift */,
				9F5DB4292A110DD500511140 /* WorkOrderListView.swift */,
				9F5DB42D2A110E3300511140 /* WorkOrderListViewVM.swift */,
			);
			path = WorkOrderListView;
			sourceTree = "<group>";
		};
		9F71C14A2A1460F3005EC729 /* WorkOrderDetailView */ = {
			isa = PBXGroup;
			children = (
				9F77870329AA45F200F061AF /* WorkOrderDetailView.swift */,
				9FC224242A9BFAE600FA8EEA /* WorkOrderDetailVM.swift */,
			);
			path = WorkOrderDetailView;
			sourceTree = "<group>";
		};
		9F71C14B2A14623A005EC729 /* AddWorkOrderView */ = {
			isa = PBXGroup;
			children = (
				9FE84F7A29A9779200462595 /* AddWorkOrderView.swift */,
				9F71C14C2A146471005EC729 /* AddWorkOrderViewVM.swift */,
			);
			path = AddWorkOrderView;
			sourceTree = "<group>";
		};
		9F77870229AA3C8400F061AF /* Views */ = {
			isa = PBXGroup;
			children = (
				9F68A98A2AA55F63002FEA81 /* SquawkView */,
				9F71C14B2A14623A005EC729 /* AddWorkOrderView */,
				9F71C14A2A1460F3005EC729 /* WorkOrderDetailView */,
				9F71C1492A146068005EC729 /* WorkOrderListView */,
				9F5DB4102A0FC44E00511140 /* Login View */,
				9F5DB4262A110D0100511140 /* MainView */,
				9F5DB4192A10285600511140 /* RegisterView */,
				9F71C1482A145C60005EC729 /* ProfileView */,
				9F5DB4212A10297F00511140 /* Custom Button */,
				9F5DB4202A10296C00511140 /* PartsView */,
				9F380CE52AA027BC004CBFDB /* Utilities */,
			);
			path = Views;
			sourceTree = "<group>";
		};
		9F77870529AA52B900F061AF /* Extensions */ = {
			isa = PBXGroup;
			children = (
				9F77870629AA52CF00F061AF /* Helper.swift */,
			);
			path = Extensions;
			sourceTree = "<group>";
		};
		9FE84F6C29A9779200462595 = {
			isa = PBXGroup;
			children = (
				9FE84F7729A9779200462595 /* AirMX */,
				9FE84F7629A9779200462595 /* Products */,
			);
			sourceTree = "<group>";
		};
		9FE84F7629A9779200462595 /* Products */ = {
			isa = PBXGroup;
			children = (
				9FE84F7529A9779200462595 /* AirMX.app */,
			);
			name = Products;
			sourceTree = "<group>";
		};
		9FE84F7729A9779200462595 /* AirMX */ = {
			isa = PBXGroup;
			children = (
				9FC9B95B29CC69BE004794C4 /* Info.plist */,
				9F8E5D852A032FBA004C65A1 /* GoogleService-Info.plist */,
				9F63734729AD8E96009C37BD /* Model */,
				9F77870529AA52B900F061AF /* Extensions */,
				9F77870229AA3C8400F061AF /* Views */,
				9FE84F7829A9779200462595 /* AirMXApp.swift */,
				9FE84F7C29A9779300462595 /* Assets.xcassets */,
				9FE84F7E29A9779300462595 /* Preview Content */,
			);
			path = AirMX;
			sourceTree = "<group>";
		};
		9FE84F7E29A9779300462595 /* Preview Content */ = {
			isa = PBXGroup;
			children = (
				9FE84F7F29A9779300462595 /* Preview Assets.xcassets */,
			);
			path = "Preview Content";
			sourceTree = "<group>";
		};
/* End PBXGroup section */

/* Begin PBXNativeTarget section */
		9FE84F7429A9779200462595 /* AirMX */ = {
			isa = PBXNativeTarget;
			buildConfigurationList = 9FE84F8329A9779300462595 /* Build configuration list for PBXNativeTarget "AirMX" */;
			buildPhases = (
				9FE84F7129A9779200462595 /* Sources */,
				9FE84F7229A9779200462595 /* Frameworks */,
				9FE84F7329A9779200462595 /* Resources */,
			);
			buildRules = (
			);
			dependencies = (
			);
			name = AirMX;
			packageProductDependencies = (
				9F8E5D7F2A032EF3004C65A1 /* FirebaseAuth */,
				9F8E5D812A032EF3004C65A1 /* FirebaseFirestore */,
				9F8E5D832A032EF3004C65A1 /* FirebaseFirestoreSwift */,
				9FC224272A9D6D9600FA8EEA /* GoogleSignIn */,
				9FC224292A9D6D9600FA8EEA /* GoogleSignInSwift */,
			);
			productName = PerformedX;
			productReference = 9FE84F7529A9779200462595 /* AirMX.app */;
			productType = "com.apple.product-type.application";
		};
/* End PBXNativeTarget section */

/* Begin PBXProject section */
		9FE84F6D29A9779200462595 /* Project object */ = {
			isa = PBXProject;
			attributes = {
				BuildIndependentTargetsInParallel = 1;
				LastSwiftUpdateCheck = 1420;
				LastUpgradeCheck = 1500;
				TargetAttributes = {
					9FE84F7429A9779200462595 = {
						CreatedOnToolsVersion = 14.2;
					};
				};
			};
			buildConfigurationList = 9FE84F7029A9779200462595 /* Build configuration list for PBXProject "AirMX" */;
			compatibilityVersion = "Xcode 14.0";
			developmentRegion = en;
			hasScannedForEncodings = 0;
			knownRegions = (
				en,
				Base,
			);
			mainGroup = 9FE84F6C29A9779200462595;
			packageReferences = (
				9F8E5D7E2A032EF3004C65A1 /* XCRemoteSwiftPackageReference "firebase-ios-sdk" */,
				9FC224262A9D6D9600FA8EEA /* XCRemoteSwiftPackageReference "GoogleSignIn-iOS" */,
			);
			productRefGroup = 9FE84F7629A9779200462595 /* Products */;
			projectDirPath = "";
			projectRoot = "";
			targets = (
				9FE84F7429A9779200462595 /* AirMX */,
			);
		};
/* End PBXProject section */

/* Begin PBXResourcesBuildPhase section */
		9FE84F7329A9779200462595 /* Resources */ = {
			isa = PBXResourcesBuildPhase;
			buildActionMask = 2147483647;
			files = (
				9FE84F8029A9779300462595 /* Preview Assets.xcassets in Resources */,
				9FE84F7D29A9779300462595 /* Assets.xcassets in Resources */,
				9F8E5D862A032FBA004C65A1 /* GoogleService-Info.plist in Resources */,
			);
			runOnlyForDeploymentPostprocessing = 0;
		};
/* End PBXResourcesBuildPhase section */

/* Begin PBXSourcesBuildPhase section */
		9FE84F7129A9779200462595 /* Sources */ = {
			isa = PBXSourcesBuildPhase;
			buildActionMask = 2147483647;
			files = (
				9FD62B9E2AA03A7A00849157 /* SignInWithGoogleHelper.swift in Sources */,
				9F380CE42AA001DB004CBFDB /* AuthManager.swift in Sources */,
				9F97E56229AA9CCA00A1808D /* AddPartsView.swift in Sources */,
				9F5DB42E2A110E3300511140 /* WorkOrderListViewVM.swift in Sources */,
				9F5DB41D2A1028AD00511140 /* AirMXButton.swift in Sources */,
				9F68A98E2AA5641F002FEA81 /* SquawkRowView.swift in Sources */,
				9FFB6B322AACB7520046AAD3 /* SquawkViewVM.swift in Sources */,
				9F5DB41B2A10286A00511140 /* RegisterViewVM.swift in Sources */,
				9F71C14D2A146471005EC729 /* AddWorkOrderViewVM.swift in Sources */,
				9F63734929AD8EA3009C37BD /* Part.swift in Sources */,
				9F5DB42C2A110DE100511140 /* ProfileView.swift in Sources */,
				9F5DB4252A110CE700511140 /* MainView.swift in Sources */,
				9F77870429AA45F200F061AF /* WorkOrderDetailView.swift in Sources */,
				9F8E5D882A03333E004C65A1 /* AircraftWorkOrder.swift in Sources */,
				9F5DB4182A10281D00511140 /* RegisterView.swift in Sources */,
				9FEA5B692AAE948E0024F8B7 /* SquawkModelStore.swift in Sources */,
				9F1FCA5E2AAA9AC000E5D4B6 /* AddSquawkView.swift in Sources */,
				9F380CE72AA027E9004CBFDB /* Utilities.swift in Sources */,
				9F71C1472A145B5C005EC729 /* ProfileViewVM.swift in Sources */,
				9F5DB4122A0FC45E00511140 /* LoginView.swift in Sources */,
				9FE84F7B29A9779200462595 /* AddWorkOrderView.swift in Sources */,
				9FE84F7929A9779200462595 /* AirMXApp.swift in Sources */,
				9F97E56029AA7B8D00A1808D /* EmptyListView.swift in Sources */,
				9FD62B9C2AA0314500849157 /* GoogleSignInResultModel.swift in Sources */,
				9F5DB4282A110D1300511140 /* MainViewVM.swift in Sources */,
				9F5DB42A2A110DD500511140 /* WorkOrderListView.swift in Sources */,
				9F195E392A15966F00743CE6 /* WorkOrderRowView.swift in Sources */,
				9F68A9902AA5FC67002FEA81 /* SquawkModel.swift in Sources */,
				9F5DB41F2A10293300511140 /* User.swift in Sources */,
				9F77870729AA52CF00F061AF /* Helper.swift in Sources */,
				9F5DB4142A0FC48700511140 /* LoginViewVM.swift in Sources */,
				9F5DB4162A0FC4C700511140 /* HeaderView.swift in Sources */,
				9F68A98C2AA55F98002FEA81 /* SquawkView.swift in Sources */,
				9FC224252A9BFAE600FA8EEA /* WorkOrderDetailVM.swift in Sources */,
			);
			runOnlyForDeploymentPostprocessing = 0;
		};
/* End PBXSourcesBuildPhase section */

/* Begin XCBuildConfiguration section */
		9FE84F8129A9779300462595 /* Debug */ = {
			isa = XCBuildConfiguration;
			buildSettings = {
				ALWAYS_SEARCH_USER_PATHS = NO;
				ASSETCATALOG_COMPILER_GENERATE_SWIFT_ASSET_SYMBOL_EXTENSIONS = YES;
				CLANG_ANALYZER_NONNULL = YES;
				CLANG_ANALYZER_NUMBER_OBJECT_CONVERSION = YES_AGGRESSIVE;
				CLANG_CXX_LANGUAGE_STANDARD = "gnu++20";
				CLANG_ENABLE_MODULES = YES;
				CLANG_ENABLE_OBJC_ARC = YES;
				CLANG_ENABLE_OBJC_WEAK = YES;
				CLANG_WARN_BLOCK_CAPTURE_AUTORELEASING = YES;
				CLANG_WARN_BOOL_CONVERSION = YES;
				CLANG_WARN_COMMA = YES;
				CLANG_WARN_CONSTANT_CONVERSION = YES;
				CLANG_WARN_DEPRECATED_OBJC_IMPLEMENTATIONS = YES;
				CLANG_WARN_DIRECT_OBJC_ISA_USAGE = YES_ERROR;
				CLANG_WARN_DOCUMENTATION_COMMENTS = YES;
				CLANG_WARN_EMPTY_BODY = YES;
				CLANG_WARN_ENUM_CONVERSION = YES;
				CLANG_WARN_INFINITE_RECURSION = YES;
				CLANG_WARN_INT_CONVERSION = YES;
				CLANG_WARN_NON_LITERAL_NULL_CONVERSION = YES;
				CLANG_WARN_OBJC_IMPLICIT_RETAIN_SELF = YES;
				CLANG_WARN_OBJC_LITERAL_CONVERSION = YES;
				CLANG_WARN_OBJC_ROOT_CLASS = YES_ERROR;
				CLANG_WARN_QUOTED_INCLUDE_IN_FRAMEWORK_HEADER = YES;
				CLANG_WARN_RANGE_LOOP_ANALYSIS = YES;
				CLANG_WARN_STRICT_PROTOTYPES = YES;
				CLANG_WARN_SUSPICIOUS_MOVE = YES;
				CLANG_WARN_UNGUARDED_AVAILABILITY = YES_AGGRESSIVE;
				CLANG_WARN_UNREACHABLE_CODE = YES;
				CLANG_WARN__DUPLICATE_METHOD_MATCH = YES;
				COPY_PHASE_STRIP = NO;
				DEBUG_INFORMATION_FORMAT = dwarf;
				ENABLE_STRICT_OBJC_MSGSEND = YES;
				ENABLE_TESTABILITY = YES;
				ENABLE_USER_SCRIPT_SANDBOXING = YES;
				GCC_C_LANGUAGE_STANDARD = gnu11;
				GCC_DYNAMIC_NO_PIC = NO;
				GCC_NO_COMMON_BLOCKS = YES;
				GCC_OPTIMIZATION_LEVEL = 0;
				GCC_PREPROCESSOR_DEFINITIONS = (
					"DEBUG=1",
					"$(inherited)",
				);
				GCC_WARN_64_TO_32_BIT_CONVERSION = YES;
				GCC_WARN_ABOUT_RETURN_TYPE = YES_ERROR;
				GCC_WARN_UNDECLARED_SELECTOR = YES;
				GCC_WARN_UNINITIALIZED_AUTOS = YES_AGGRESSIVE;
				GCC_WARN_UNUSED_FUNCTION = YES;
				GCC_WARN_UNUSED_VARIABLE = YES;
				IPHONEOS_DEPLOYMENT_TARGET = 16.2;
				MTL_ENABLE_DEBUG_INFO = INCLUDE_SOURCE;
				MTL_FAST_MATH = YES;
				ONLY_ACTIVE_ARCH = YES;
				SDKROOT = iphoneos;
				SWIFT_ACTIVE_COMPILATION_CONDITIONS = DEBUG;
				SWIFT_OPTIMIZATION_LEVEL = "-Onone";
			};
			name = Debug;
		};
		9FE84F8229A9779300462595 /* Release */ = {
			isa = XCBuildConfiguration;
			buildSettings = {
				ALWAYS_SEARCH_USER_PATHS = NO;
				ASSETCATALOG_COMPILER_GENERATE_SWIFT_ASSET_SYMBOL_EXTENSIONS = YES;
				CLANG_ANALYZER_NONNULL = YES;
				CLANG_ANALYZER_NUMBER_OBJECT_CONVERSION = YES_AGGRESSIVE;
				CLANG_CXX_LANGUAGE_STANDARD = "gnu++20";
				CLANG_ENABLE_MODULES = YES;
				CLANG_ENABLE_OBJC_ARC = YES;
				CLANG_ENABLE_OBJC_WEAK = YES;
				CLANG_WARN_BLOCK_CAPTURE_AUTORELEASING = YES;
				CLANG_WARN_BOOL_CONVERSION = YES;
				CLANG_WARN_COMMA = YES;
				CLANG_WARN_CONSTANT_CONVERSION = YES;
				CLANG_WARN_DEPRECATED_OBJC_IMPLEMENTATIONS = YES;
				CLANG_WARN_DIRECT_OBJC_ISA_USAGE = YES_ERROR;
				CLANG_WARN_DOCUMENTATION_COMMENTS = YES;
				CLANG_WARN_EMPTY_BODY = YES;
				CLANG_WARN_ENUM_CONVERSION = YES;
				CLANG_WARN_INFINITE_RECURSION = YES;
				CLANG_WARN_INT_CONVERSION = YES;
				CLANG_WARN_NON_LITERAL_NULL_CONVERSION = YES;
				CLANG_WARN_OBJC_IMPLICIT_RETAIN_SELF = YES;
				CLANG_WARN_OBJC_LITERAL_CONVERSION = YES;
				CLANG_WARN_OBJC_ROOT_CLASS = YES_ERROR;
				CLANG_WARN_QUOTED_INCLUDE_IN_FRAMEWORK_HEADER = YES;
				CLANG_WARN_RANGE_LOOP_ANALYSIS = YES;
				CLANG_WARN_STRICT_PROTOTYPES = YES;
				CLANG_WARN_SUSPICIOUS_MOVE = YES;
				CLANG_WARN_UNGUARDED_AVAILABILITY = YES_AGGRESSIVE;
				CLANG_WARN_UNREACHABLE_CODE = YES;
				CLANG_WARN__DUPLICATE_METHOD_MATCH = YES;
				COPY_PHASE_STRIP = NO;
				DEBUG_INFORMATION_FORMAT = "dwarf-with-dsym";
				ENABLE_NS_ASSERTIONS = NO;
				ENABLE_STRICT_OBJC_MSGSEND = YES;
				ENABLE_USER_SCRIPT_SANDBOXING = YES;
				GCC_C_LANGUAGE_STANDARD = gnu11;
				GCC_NO_COMMON_BLOCKS = YES;
				GCC_WARN_64_TO_32_BIT_CONVERSION = YES;
				GCC_WARN_ABOUT_RETURN_TYPE = YES_ERROR;
				GCC_WARN_UNDECLARED_SELECTOR = YES;
				GCC_WARN_UNINITIALIZED_AUTOS = YES_AGGRESSIVE;
				GCC_WARN_UNUSED_FUNCTION = YES;
				GCC_WARN_UNUSED_VARIABLE = YES;
				IPHONEOS_DEPLOYMENT_TARGET = 16.2;
				MTL_ENABLE_DEBUG_INFO = NO;
				MTL_FAST_MATH = YES;
				SDKROOT = iphoneos;
				SWIFT_COMPILATION_MODE = wholemodule;
				SWIFT_OPTIMIZATION_LEVEL = "-O";
				VALIDATE_PRODUCT = YES;
			};
			name = Release;
		};
		9FE84F8429A9779300462595 /* Debug */ = {
			isa = XCBuildConfiguration;
			buildSettings = {
				ASSETCATALOG_COMPILER_APPICON_NAME = AppIcon;
				ASSETCATALOG_COMPILER_GLOBAL_ACCENT_COLOR_NAME = AccentColor;
				CODE_SIGN_STYLE = Automatic;
				CURRENT_PROJECT_VERSION = 1;
				DEVELOPMENT_ASSET_PATHS = "\"AirMX/Preview Content\"";
				DEVELOPMENT_TEAM = 8TUF73A8Z9;
				ENABLE_PREVIEWS = YES;
				GENERATE_INFOPLIST_FILE = YES;
				INFOPLIST_FILE = AirMX/Info.plist;
				INFOPLIST_KEY_UIApplicationSceneManifest_Generation = YES;
				INFOPLIST_KEY_UIApplicationSupportsIndirectInputEvents = YES;
				INFOPLIST_KEY_UILaunchScreen_Generation = YES;
				INFOPLIST_KEY_UISupportedInterfaceOrientations_iPad = "UIInterfaceOrientationPortrait UIInterfaceOrientationPortraitUpsideDown UIInterfaceOrientationLandscapeLeft UIInterfaceOrientationLandscapeRight";
				INFOPLIST_KEY_UISupportedInterfaceOrientations_iPhone = "UIInterfaceOrientationPortrait UIInterfaceOrientationLandscapeLeft UIInterfaceOrientationLandscapeRight";
				IPHONEOS_DEPLOYMENT_TARGET = 17.0;
				LD_RUNPATH_SEARCH_PATHS = (
					"$(inherited)",
					"@executable_path/Frameworks",
				);
				MARKETING_VERSION = 1.0;
				PRODUCT_BUNDLE_IDENTIFIER = com.tranceaerospace.AirMX;
				PRODUCT_NAME = "$(TARGET_NAME)";
				SWIFT_EMIT_LOC_STRINGS = YES;
				SWIFT_VERSION = 5.0;
				TARGETED_DEVICE_FAMILY = "1,2";
			};
			name = Debug;
		};
		9FE84F8529A9779300462595 /* Release */ = {
			isa = XCBuildConfiguration;
			buildSettings = {
				ASSETCATALOG_COMPILER_APPICON_NAME = AppIcon;
				ASSETCATALOG_COMPILER_GLOBAL_ACCENT_COLOR_NAME = AccentColor;
				CODE_SIGN_STYLE = Automatic;
				CURRENT_PROJECT_VERSION = 1;
				DEVELOPMENT_ASSET_PATHS = "\"AirMX/Preview Content\"";
				DEVELOPMENT_TEAM = 8TUF73A8Z9;
				ENABLE_PREVIEWS = YES;
				GENERATE_INFOPLIST_FILE = YES;
				INFOPLIST_FILE = AirMX/Info.plist;
				INFOPLIST_KEY_UIApplicationSceneManifest_Generation = YES;
				INFOPLIST_KEY_UIApplicationSupportsIndirectInputEvents = YES;
				INFOPLIST_KEY_UILaunchScreen_Generation = YES;
				INFOPLIST_KEY_UISupportedInterfaceOrientations_iPad = "UIInterfaceOrientationPortrait UIInterfaceOrientationPortraitUpsideDown UIInterfaceOrientationLandscapeLeft UIInterfaceOrientationLandscapeRight";
				INFOPLIST_KEY_UISupportedInterfaceOrientations_iPhone = "UIInterfaceOrientationPortrait UIInterfaceOrientationLandscapeLeft UIInterfaceOrientationLandscapeRight";
				IPHONEOS_DEPLOYMENT_TARGET = 17.0;
				LD_RUNPATH_SEARCH_PATHS = (
					"$(inherited)",
					"@executable_path/Frameworks",
				);
				MARKETING_VERSION = 1.0;
				PRODUCT_BUNDLE_IDENTIFIER = com.tranceaerospace.AirMX;
				PRODUCT_NAME = "$(TARGET_NAME)";
				SWIFT_EMIT_LOC_STRINGS = YES;
				SWIFT_VERSION = 5.0;
				TARGETED_DEVICE_FAMILY = "1,2";
			};
			name = Release;
		};
/* End XCBuildConfiguration section */

/* Begin XCConfigurationList section */
		9FE84F7029A9779200462595 /* Build configuration list for PBXProject "AirMX" */ = {
			isa = XCConfigurationList;
			buildConfigurations = (
				9FE84F8129A9779300462595 /* Debug */,
				9FE84F8229A9779300462595 /* Release */,
			);
			defaultConfigurationIsVisible = 0;
			defaultConfigurationName = Release;
		};
		9FE84F8329A9779300462595 /* Build configuration list for PBXNativeTarget "AirMX" */ = {
			isa = XCConfigurationList;
			buildConfigurations = (
				9FE84F8429A9779300462595 /* Debug */,
				9FE84F8529A9779300462595 /* Release */,
			);
			defaultConfigurationIsVisible = 0;
			defaultConfigurationName = Release;
		};
/* End XCConfigurationList section */

/* Begin XCRemoteSwiftPackageReference section */
		9F8E5D7E2A032EF3004C65A1 /* XCRemoteSwiftPackageReference "firebase-ios-sdk" */ = {
			isa = XCRemoteSwiftPackageReference;
			repositoryURL = "https://github.com/firebase/firebase-ios-sdk";
			requirement = {
				kind = upToNextMajorVersion;
				minimumVersion = 10.0.0;
			};
		};
		9FC224262A9D6D9600FA8EEA /* XCRemoteSwiftPackageReference "GoogleSignIn-iOS" */ = {
			isa = XCRemoteSwiftPackageReference;
			repositoryURL = "https://github.com/google/GoogleSignIn-iOS";
			requirement = {
				kind = upToNextMajorVersion;
				minimumVersion = 7.0.0;
			};
		};
/* End XCRemoteSwiftPackageReference section */

/* Begin XCSwiftPackageProductDependency section */
		9F8E5D7F2A032EF3004C65A1 /* FirebaseAuth */ = {
			isa = XCSwiftPackageProductDependency;
			package = 9F8E5D7E2A032EF3004C65A1 /* XCRemoteSwiftPackageReference "firebase-ios-sdk" */;
			productName = FirebaseAuth;
		};
		9F8E5D812A032EF3004C65A1 /* FirebaseFirestore */ = {
			isa = XCSwiftPackageProductDependency;
			package = 9F8E5D7E2A032EF3004C65A1 /* XCRemoteSwiftPackageReference "firebase-ios-sdk" */;
			productName = FirebaseFirestore;
		};
		9F8E5D832A032EF3004C65A1 /* FirebaseFirestoreSwift */ = {
			isa = XCSwiftPackageProductDependency;
			package = 9F8E5D7E2A032EF3004C65A1 /* XCRemoteSwiftPackageReference "firebase-ios-sdk" */;
			productName = FirebaseFirestoreSwift;
		};
		9FC224272A9D6D9600FA8EEA /* GoogleSignIn */ = {
			isa = XCSwiftPackageProductDependency;
			package = 9FC224262A9D6D9600FA8EEA /* XCRemoteSwiftPackageReference "GoogleSignIn-iOS" */;
			productName = GoogleSignIn;
		};
		9FC224292A9D6D9600FA8EEA /* GoogleSignInSwift */ = {
			isa = XCSwiftPackageProductDependency;
			package = 9FC224262A9D6D9600FA8EEA /* XCRemoteSwiftPackageReference "GoogleSignIn-iOS" */;
			productName = GoogleSignInSwift;
		};
/* End XCSwiftPackageProductDependency section */
	};
	rootObject = 9FE84F6D29A9779200462595 /* Project object */;
}
