// !$*UTF8*$!
{
	archiveVersion = 1;
	classes = {
	};
	objectVersion = 56;
	objects = {

/* Begin PBXBuildFile section */
		9F7786FF29A9B1AF00F061AF /* WorkOrder.xcdatamodeld in Sources */ = {isa = PBXBuildFile; fileRef = 9F7786FD29A9B1AF00F061AF /* WorkOrder.xcdatamodeld */; };
		9F77870129A9B2E200F061AF /* DataController.swift in Sources */ = {isa = PBXBuildFile; fileRef = 9F77870029A9B2E200F061AF /* DataController.swift */; };
		9F77870429AA45F200F061AF /* WorkOrderDetailView.swift in Sources */ = {isa = PBXBuildFile; fileRef = 9F77870329AA45F200F061AF /* WorkOrderDetailView.swift */; };
		9F77870729AA52CF00F061AF /* Helper.swift in Sources */ = {isa = PBXBuildFile; fileRef = 9F77870629AA52CF00F061AF /* Helper.swift */; };
		9F77870929AA64E100F061AF /* WorkOrderRowView.swift in Sources */ = {isa = PBXBuildFile; fileRef = 9F77870829AA64E100F061AF /* WorkOrderRowView.swift */; };
		9F77870C29AA67D600F061AF /* WorkOrderVerticalView.swift in Sources */ = {isa = PBXBuildFile; fileRef = 9F77870B29AA67D600F061AF /* WorkOrderVerticalView.swift */; };
		9FE84F7929A9779200462595 /* PerformedXApp.swift in Sources */ = {isa = PBXBuildFile; fileRef = 9FE84F7829A9779200462595 /* PerformedXApp.swift */; };
		9FE84F7B29A9779200462595 /* AddWorkOrderView.swift in Sources */ = {isa = PBXBuildFile; fileRef = 9FE84F7A29A9779200462595 /* AddWorkOrderView.swift */; };
		9FE84F7D29A9779300462595 /* Assets.xcassets in Resources */ = {isa = PBXBuildFile; fileRef = 9FE84F7C29A9779300462595 /* Assets.xcassets */; };
		9FE84F8029A9779300462595 /* Preview Assets.xcassets in Resources */ = {isa = PBXBuildFile; fileRef = 9FE84F7F29A9779300462595 /* Preview Assets.xcassets */; };
		9FE84F8729A979CC00462595 /* CheckboxView.swift in Sources */ = {isa = PBXBuildFile; fileRef = 9FE84F8629A979CC00462595 /* CheckboxView.swift */; };
		9FE84FA429A9ACA100462595 /* WorkListView.swift in Sources */ = {isa = PBXBuildFile; fileRef = 9FE84FA329A9ACA100462595 /* WorkListView.swift */; };
/* End PBXBuildFile section */

/* Begin PBXFileReference section */
		9F7786FE29A9B1AF00F061AF /* WorkOrder.xcdatamodel */ = {isa = PBXFileReference; lastKnownFileType = wrapper.xcdatamodel; path = WorkOrder.xcdatamodel; sourceTree = "<group>"; };
		9F77870029A9B2E200F061AF /* DataController.swift */ = {isa = PBXFileReference; lastKnownFileType = sourcecode.swift; path = DataController.swift; sourceTree = "<group>"; };
		9F77870329AA45F200F061AF /* WorkOrderDetailView.swift */ = {isa = PBXFileReference; lastKnownFileType = sourcecode.swift; path = WorkOrderDetailView.swift; sourceTree = "<group>"; };
		9F77870629AA52CF00F061AF /* Helper.swift */ = {isa = PBXFileReference; lastKnownFileType = sourcecode.swift; path = Helper.swift; sourceTree = "<group>"; };
		9F77870829AA64E100F061AF /* WorkOrderRowView.swift */ = {isa = PBXFileReference; lastKnownFileType = sourcecode.swift; path = WorkOrderRowView.swift; sourceTree = "<group>"; };
		9F77870B29AA67D600F061AF /* WorkOrderVerticalView.swift */ = {isa = PBXFileReference; lastKnownFileType = sourcecode.swift; path = WorkOrderVerticalView.swift; sourceTree = "<group>"; };
		9FE84F7529A9779200462595 /* AirMX.app */ = {isa = PBXFileReference; explicitFileType = wrapper.application; includeInIndex = 0; path = AirMX.app; sourceTree = BUILT_PRODUCTS_DIR; };
		9FE84F7829A9779200462595 /* PerformedXApp.swift */ = {isa = PBXFileReference; lastKnownFileType = sourcecode.swift; path = PerformedXApp.swift; sourceTree = "<group>"; };
		9FE84F7A29A9779200462595 /* AddWorkOrderView.swift */ = {isa = PBXFileReference; lastKnownFileType = sourcecode.swift; path = AddWorkOrderView.swift; sourceTree = "<group>"; };
		9FE84F7C29A9779300462595 /* Assets.xcassets */ = {isa = PBXFileReference; lastKnownFileType = folder.assetcatalog; path = Assets.xcassets; sourceTree = "<group>"; };
		9FE84F7F29A9779300462595 /* Preview Assets.xcassets */ = {isa = PBXFileReference; lastKnownFileType = folder.assetcatalog; path = "Preview Assets.xcassets"; sourceTree = "<group>"; };
		9FE84F8629A979CC00462595 /* CheckboxView.swift */ = {isa = PBXFileReference; lastKnownFileType = sourcecode.swift; path = CheckboxView.swift; sourceTree = "<group>"; };
		9FE84FA329A9ACA100462595 /* WorkListView.swift */ = {isa = PBXFileReference; lastKnownFileType = sourcecode.swift; path = WorkListView.swift; sourceTree = "<group>"; };
/* End PBXFileReference section */

/* Begin PBXFrameworksBuildPhase section */
		9FE84F7229A9779200462595 /* Frameworks */ = {
			isa = PBXFrameworksBuildPhase;
			buildActionMask = 2147483647;
			files = (
			);
			runOnlyForDeploymentPostprocessing = 0;
		};
/* End PBXFrameworksBuildPhase section */

/* Begin PBXGroup section */
		9F77870229AA3C8400F061AF /* Views */ = {
			isa = PBXGroup;
			children = (
				9FE84FA329A9ACA100462595 /* WorkListView.swift */,
				9FE84F7A29A9779200462595 /* AddWorkOrderView.swift */,
				9F77870A29AA678C00F061AF /* WorkOrderDetailViews */,
			);
			path = Views;
			sourceTree = "<group>";
		};
		9F77870529AA52B900F061AF /* Extensions */ = {
			isa = PBXGroup;
			children = (
				9F77870629AA52CF00F061AF /* Helper.swift */,
			);
			path = Extensions;
			sourceTree = "<group>";
		};
		9F77870A29AA678C00F061AF /* WorkOrderDetailViews */ = {
			isa = PBXGroup;
			children = (
				9F77870829AA64E100F061AF /* WorkOrderRowView.swift */,
				9F77870329AA45F200F061AF /* WorkOrderDetailView.swift */,
				9F77870B29AA67D600F061AF /* WorkOrderVerticalView.swift */,
			);
			path = WorkOrderDetailViews;
			sourceTree = "<group>";
		};
		9FE84F6C29A9779200462595 = {
			isa = PBXGroup;
			children = (
				9F7786FD29A9B1AF00F061AF /* WorkOrder.xcdatamodeld */,
				9FE84F7729A9779200462595 /* AirMX */,
				9FE84F7629A9779200462595 /* Products */,
			);
			sourceTree = "<group>";
		};
		9FE84F7629A9779200462595 /* Products */ = {
			isa = PBXGroup;
			children = (
				9FE84F7529A9779200462595 /* AirMX.app */,
			);
			name = Products;
			sourceTree = "<group>";
		};
		9FE84F7729A9779200462595 /* AirMX */ = {
			isa = PBXGroup;
			children = (
				9F77870529AA52B900F061AF /* Extensions */,
				9F77870229AA3C8400F061AF /* Views */,
				9FE84F7829A9779200462595 /* PerformedXApp.swift */,
				9F77870029A9B2E200F061AF /* DataController.swift */,
				9FE84F8629A979CC00462595 /* CheckboxView.swift */,
				9FE84F7C29A9779300462595 /* Assets.xcassets */,
				9FE84F7E29A9779300462595 /* Preview Content */,
			);
			path = AirMX;
			sourceTree = "<group>";
		};
		9FE84F7E29A9779300462595 /* Preview Content */ = {
			isa = PBXGroup;
			children = (
				9FE84F7F29A9779300462595 /* Preview Assets.xcassets */,
			);
			path = "Preview Content";
			sourceTree = "<group>";
		};
/* End PBXGroup section */

/* Begin PBXNativeTarget section */
		9FE84F7429A9779200462595 /* AirMX */ = {
			isa = PBXNativeTarget;
			buildConfigurationList = 9FE84F8329A9779300462595 /* Build configuration list for PBXNativeTarget "AirMX" */;
			buildPhases = (
				9FE84F7129A9779200462595 /* Sources */,
				9FE84F7229A9779200462595 /* Frameworks */,
				9FE84F7329A9779200462595 /* Resources */,
			);
			buildRules = (
			);
			dependencies = (
			);
			name = AirMX;
			productName = PerformedX;
			productReference = 9FE84F7529A9779200462595 /* AirMX.app */;
			productType = "com.apple.product-type.application";
		};
/* End PBXNativeTarget section */

/* Begin PBXProject section */
		9FE84F6D29A9779200462595 /* Project object */ = {
			isa = PBXProject;
			attributes = {
				BuildIndependentTargetsInParallel = 1;
				LastSwiftUpdateCheck = 1420;
				LastUpgradeCheck = 1420;
				TargetAttributes = {
					9FE84F7429A9779200462595 = {
						CreatedOnToolsVersion = 14.2;
					};
				};
			};
			buildConfigurationList = 9FE84F7029A9779200462595 /* Build configuration list for PBXProject "AirMX" */;
			compatibilityVersion = "Xcode 14.0";
			developmentRegion = en;
			hasScannedForEncodings = 0;
			knownRegions = (
				en,
				Base,
			);
			mainGroup = 9FE84F6C29A9779200462595;
			productRefGroup = 9FE84F7629A9779200462595 /* Products */;
			projectDirPath = "";
			projectRoot = "";
			targets = (
				9FE84F7429A9779200462595 /* AirMX */,
			);
		};
/* End PBXProject section */

/* Begin PBXResourcesBuildPhase section */
		9FE84F7329A9779200462595 /* Resources */ = {
			isa = PBXResourcesBuildPhase;
			buildActionMask = 2147483647;
			files = (
				9FE84F8029A9779300462595 /* Preview Assets.xcassets in Resources */,
				9FE84F7D29A9779300462595 /* Assets.xcassets in Resources */,
			);
			runOnlyForDeploymentPostprocessing = 0;
		};
/* End PBXResourcesBuildPhase section */

/* Begin PBXSourcesBuildPhase section */
		9FE84F7129A9779200462595 /* Sources */ = {
			isa = PBXSourcesBuildPhase;
			buildActionMask = 2147483647;
			files = (
				9FE84F8729A979CC00462595 /* CheckboxView.swift in Sources */,
				9F77870129A9B2E200F061AF /* DataController.swift in Sources */,
				9F77870929AA64E100F061AF /* WorkOrderRowView.swift in Sources */,
				9F77870429AA45F200F061AF /* WorkOrderDetailView.swift in Sources */,
				9F77870C29AA67D600F061AF /* WorkOrderVerticalView.swift in Sources */,
				9FE84F7B29A9779200462595 /* AddWorkOrderView.swift in Sources */,
				9FE84F7929A9779200462595 /* PerformedXApp.swift in Sources */,
				9FE84FA429A9ACA100462595 /* WorkListView.swift in Sources */,
				9F7786FF29A9B1AF00F061AF /* WorkOrder.xcdatamodeld in Sources */,
				9F77870729AA52CF00F061AF /* Helper.swift in Sources */,
			);
			runOnlyForDeploymentPostprocessing = 0;
		};
/* End PBXSourcesBuildPhase section */

/* Begin XCBuildConfiguration section */
		9FE84F8129A9779300462595 /* Debug */ = {
			isa = XCBuildConfiguration;
			buildSettings = {
				ALWAYS_SEARCH_USER_PATHS = NO;
				CLANG_ANALYZER_NONNULL = YES;
				CLANG_ANALYZER_NUMBER_OBJECT_CONVERSION = YES_AGGRESSIVE;
				CLANG_CXX_LANGUAGE_STANDARD = "gnu++20";
				CLANG_ENABLE_MODULES = YES;
				CLANG_ENABLE_OBJC_ARC = YES;
				CLANG_ENABLE_OBJC_WEAK = YES;
				CLANG_WARN_BLOCK_CAPTURE_AUTORELEASING = YES;
				CLANG_WARN_BOOL_CONVERSION = YES;
				CLANG_WARN_COMMA = YES;
				CLANG_WARN_CONSTANT_CONVERSION = YES;
				CLANG_WARN_DEPRECATED_OBJC_IMPLEMENTATIONS = YES;
				CLANG_WARN_DIRECT_OBJC_ISA_USAGE = YES_ERROR;
				CLANG_WARN_DOCUMENTATION_COMMENTS = YES;
				CLANG_WARN_EMPTY_BODY = YES;
				CLANG_WARN_ENUM_CONVERSION = YES;
				CLANG_WARN_INFINITE_RECURSION = YES;
				CLANG_WARN_INT_CONVERSION = YES;
				CLANG_WARN_NON_LITERAL_NULL_CONVERSION = YES;
				CLANG_WARN_OBJC_IMPLICIT_RETAIN_SELF = YES;
				CLANG_WARN_OBJC_LITERAL_CONVERSION = YES;
				CLANG_WARN_OBJC_ROOT_CLASS = YES_ERROR;
				CLANG_WARN_QUOTED_INCLUDE_IN_FRAMEWORK_HEADER = YES;
				CLANG_WARN_RANGE_LOOP_ANALYSIS = YES;
				CLANG_WARN_STRICT_PROTOTYPES = YES;
				CLANG_WARN_SUSPICIOUS_MOVE = YES;
				CLANG_WARN_UNGUARDED_AVAILABILITY = YES_AGGRESSIVE;
				CLANG_WARN_UNREACHABLE_CODE = YES;
				CLANG_WARN__DUPLICATE_METHOD_MATCH = YES;
				COPY_PHASE_STRIP = NO;
				DEBUG_INFORMATION_FORMAT = dwarf;
				ENABLE_STRICT_OBJC_MSGSEND = YES;
				ENABLE_TESTABILITY = YES;
				GCC_C_LANGUAGE_STANDARD = gnu11;
				GCC_DYNAMIC_NO_PIC = NO;
				GCC_NO_COMMON_BLOCKS = YES;
				GCC_OPTIMIZATION_LEVEL = 0;
				GCC_PREPROCESSOR_DEFINITIONS = (
					"DEBUG=1",
					"$(inherited)",
				);
				GCC_WARN_64_TO_32_BIT_CONVERSION = YES;
				GCC_WARN_ABOUT_RETURN_TYPE = YES_ERROR;
				GCC_WARN_UNDECLARED_SELECTOR = YES;
				GCC_WARN_UNINITIALIZED_AUTOS = YES_AGGRESSIVE;
				GCC_WARN_UNUSED_FUNCTION = YES;
				GCC_WARN_UNUSED_VARIABLE = YES;
				IPHONEOS_DEPLOYMENT_TARGET = 16.2;
				MTL_ENABLE_DEBUG_INFO = INCLUDE_SOURCE;
				MTL_FAST_MATH = YES;
				ONLY_ACTIVE_ARCH = YES;
				SDKROOT = iphoneos;
				SWIFT_ACTIVE_COMPILATION_CONDITIONS = DEBUG;
				SWIFT_OPTIMIZATION_LEVEL = "-Onone";
			};
			name = Debug;
		};
		9FE84F8229A9779300462595 /* Release */ = {
			isa = XCBuildConfiguration;
			buildSettings = {
				ALWAYS_SEARCH_USER_PATHS = NO;
				CLANG_ANALYZER_NONNULL = YES;
				CLANG_ANALYZER_NUMBER_OBJECT_CONVERSION = YES_AGGRESSIVE;
				CLANG_CXX_LANGUAGE_STANDARD = "gnu++20";
				CLANG_ENABLE_MODULES = YES;
				CLANG_ENABLE_OBJC_ARC = YES;
				CLANG_ENABLE_OBJC_WEAK = YES;
				CLANG_WARN_BLOCK_CAPTURE_AUTORELEASING = YES;
				CLANG_WARN_BOOL_CONVERSION = YES;
				CLANG_WARN_COMMA = YES;
				CLANG_WARN_CONSTANT_CONVERSION = YES;
				CLANG_WARN_DEPRECATED_OBJC_IMPLEMENTATIONS = YES;
				CLANG_WARN_DIRECT_OBJC_ISA_USAGE = YES_ERROR;
				CLANG_WARN_DOCUMENTATION_COMMENTS = YES;
				CLANG_WARN_EMPTY_BODY = YES;
				CLANG_WARN_ENUM_CONVERSION = YES;
				CLANG_WARN_INFINITE_RECURSION = YES;
				CLANG_WARN_INT_CONVERSION = YES;
				CLANG_WARN_NON_LITERAL_NULL_CONVERSION = YES;
				CLANG_WARN_OBJC_IMPLICIT_RETAIN_SELF = YES;
				CLANG_WARN_OBJC_LITERAL_CONVERSION = YES;
				CLANG_WARN_OBJC_ROOT_CLASS = YES_ERROR;
				CLANG_WARN_QUOTED_INCLUDE_IN_FRAMEWORK_HEADER = YES;
				CLANG_WARN_RANGE_LOOP_ANALYSIS = YES;
				CLANG_WARN_STRICT_PROTOTYPES = YES;
				CLANG_WARN_SUSPICIOUS_MOVE = YES;
				CLANG_WARN_UNGUARDED_AVAILABILITY = YES_AGGRESSIVE;
				CLANG_WARN_UNREACHABLE_CODE = YES;
				CLANG_WARN__DUPLICATE_METHOD_MATCH = YES;
				COPY_PHASE_STRIP = NO;
				DEBUG_INFORMATION_FORMAT = "dwarf-with-dsym";
				ENABLE_NS_ASSERTIONS = NO;
				ENABLE_STRICT_OBJC_MSGSEND = YES;
				GCC_C_LANGUAGE_STANDARD = gnu11;
				GCC_NO_COMMON_BLOCKS = YES;
				GCC_WARN_64_TO_32_BIT_CONVERSION = YES;
				GCC_WARN_ABOUT_RETURN_TYPE = YES_ERROR;
				GCC_WARN_UNDECLARED_SELECTOR = YES;
				GCC_WARN_UNINITIALIZED_AUTOS = YES_AGGRESSIVE;
				GCC_WARN_UNUSED_FUNCTION = YES;
				GCC_WARN_UNUSED_VARIABLE = YES;
				IPHONEOS_DEPLOYMENT_TARGET = 16.2;
				MTL_ENABLE_DEBUG_INFO = NO;
				MTL_FAST_MATH = YES;
				SDKROOT = iphoneos;
				SWIFT_COMPILATION_MODE = wholemodule;
				SWIFT_OPTIMIZATION_LEVEL = "-O";
				VALIDATE_PRODUCT = YES;
			};
			name = Release;
		};
		9FE84F8429A9779300462595 /* Debug */ = {
			isa = XCBuildConfiguration;
			buildSettings = {
				ASSETCATALOG_COMPILER_APPICON_NAME = AppIcon;
				ASSETCATALOG_COMPILER_GLOBAL_ACCENT_COLOR_NAME = AccentColor;
				CODE_SIGN_STYLE = Automatic;
				CURRENT_PROJECT_VERSION = 1;
				DEVELOPMENT_ASSET_PATHS = "\"AirMX/Preview Content\"";
				DEVELOPMENT_TEAM = 8TUF73A8Z9;
				ENABLE_PREVIEWS = YES;
				GENERATE_INFOPLIST_FILE = YES;
				INFOPLIST_KEY_UIApplicationSceneManifest_Generation = YES;
				INFOPLIST_KEY_UIApplicationSupportsIndirectInputEvents = YES;
				INFOPLIST_KEY_UILaunchScreen_Generation = YES;
				INFOPLIST_KEY_UISupportedInterfaceOrientations_iPad = "UIInterfaceOrientationPortrait UIInterfaceOrientationPortraitUpsideDown UIInterfaceOrientationLandscapeLeft UIInterfaceOrientationLandscapeRight";
				INFOPLIST_KEY_UISupportedInterfaceOrientations_iPhone = "UIInterfaceOrientationPortrait UIInterfaceOrientationLandscapeLeft UIInterfaceOrientationLandscapeRight";
				LD_RUNPATH_SEARCH_PATHS = (
					"$(inherited)",
					"@executable_path/Frameworks",
				);
				MARKETING_VERSION = 1.0;
				PRODUCT_BUNDLE_IDENTIFIER = com.tranceaerospace.PerformedX;
				PRODUCT_NAME = "$(TARGET_NAME)";
				SWIFT_EMIT_LOC_STRINGS = YES;
				SWIFT_VERSION = 5.0;
				TARGETED_DEVICE_FAMILY = "1,2";
			};
			name = Debug;
		};
		9FE84F8529A9779300462595 /* Release */ = {
			isa = XCBuildConfiguration;
			buildSettings = {
				ASSETCATALOG_COMPILER_APPICON_NAME = AppIcon;
				ASSETCATALOG_COMPILER_GLOBAL_ACCENT_COLOR_NAME = AccentColor;
				CODE_SIGN_STYLE = Automatic;
				CURRENT_PROJECT_VERSION = 1;
				DEVELOPMENT_ASSET_PATHS = "\"AirMX/Preview Content\"";
				DEVELOPMENT_TEAM = 8TUF73A8Z9;
				ENABLE_PREVIEWS = YES;
				GENERATE_INFOPLIST_FILE = YES;
				INFOPLIST_KEY_UIApplicationSceneManifest_Generation = YES;
				INFOPLIST_KEY_UIApplicationSupportsIndirectInputEvents = YES;
				INFOPLIST_KEY_UILaunchScreen_Generation = YES;
				INFOPLIST_KEY_UISupportedInterfaceOrientations_iPad = "UIInterfaceOrientationPortrait UIInterfaceOrientationPortraitUpsideDown UIInterfaceOrientationLandscapeLeft UIInterfaceOrientationLandscapeRight";
				INFOPLIST_KEY_UISupportedInterfaceOrientations_iPhone = "UIInterfaceOrientationPortrait UIInterfaceOrientationLandscapeLeft UIInterfaceOrientationLandscapeRight";
				LD_RUNPATH_SEARCH_PATHS = (
					"$(inherited)",
					"@executable_path/Frameworks",
				);
				MARKETING_VERSION = 1.0;
				PRODUCT_BUNDLE_IDENTIFIER = com.tranceaerospace.PerformedX;
				PRODUCT_NAME = "$(TARGET_NAME)";
				SWIFT_EMIT_LOC_STRINGS = YES;
				SWIFT_VERSION = 5.0;
				TARGETED_DEVICE_FAMILY = "1,2";
			};
			name = Release;
		};
/* End XCBuildConfiguration section */

/* Begin XCConfigurationList section */
		9FE84F7029A9779200462595 /* Build configuration list for PBXProject "AirMX" */ = {
			isa = XCConfigurationList;
			buildConfigurations = (
				9FE84F8129A9779300462595 /* Debug */,
				9FE84F8229A9779300462595 /* Release */,
			);
			defaultConfigurationIsVisible = 0;
			defaultConfigurationName = Release;
		};
		9FE84F8329A9779300462595 /* Build configuration list for PBXNativeTarget "AirMX" */ = {
			isa = XCConfigurationList;
			buildConfigurations = (
				9FE84F8429A9779300462595 /* Debug */,
				9FE84F8529A9779300462595 /* Release */,
			);
			defaultConfigurationIsVisible = 0;
			defaultConfigurationName = Release;
		};
/* End XCConfigurationList section */

/* Begin XCVersionGroup section */
		9F7786FD29A9B1AF00F061AF /* WorkOrder.xcdatamodeld */ = {
			isa = XCVersionGroup;
			children = (
				9F7786FE29A9B1AF00F061AF /* WorkOrder.xcdatamodel */,
			);
			currentVersion = 9F7786FE29A9B1AF00F061AF /* WorkOrder.xcdatamodel */;
			path = WorkOrder.xcdatamodeld;
			sourceTree = "<group>";
			versionGroupType = wrapper.xcdatamodel;
		};
/* End XCVersionGroup section */
	};
	rootObject = 9FE84F6D29A9779200462595 /* Project object */;
}
